{
  "requires": true,
  "lockfileVersion": 1,
  "dependencies": {
    "webix": {
      "version": "8.1.0",
      "resolved": "https://registry.npmjs.org/webix/-/webix-8.1.0.tgz",
      "integrity": "sha512-Ekyw+BIFyH9oGQfovCMRl1abjGEIsHu6uJsKWtgfI0EkZR36WiBIC9wiMX4XOClTehOZSYnPQiIJML+f9xWLng=="
    }
  }
}
